
Microsoft Visual Studio Solution File, Format Version 12.00
# Visual Studio Version 17
VisualStudioVersion = 17.14.36511.14 d17.14
MinimumVisualStudioVersion = 10.0.40219.1
Project("{8BC9CEB8-8B4A-11D0-8D11-00A0C91BC942}") = "lab_3.5pkr", "lab_3.5pkr.vcxproj", "{E3BB1F00-99AB-4E71-AE0E-FD6EDA92C81A}"
EndProject
Project("{8BC9CEB8-8B4A-11D0-8D11-00A0C91BC942}") = "UnitTest46", "..\UnitTest46\UnitTest46.vcxproj", "{32172A62-6CEB-9D77-F86A-16717968A96C}"
EndProject
Global
	GlobalSection(SolutionConfigurationPlatforms) = preSolution
		Debug|x64 = Debug|x64
		Debug|x86 = Debug|x86
		Release|x64 = Release|x64
		Release|x86 = Release|x86
	EndGlobalSection
	GlobalSection(ProjectConfigurationPlatforms) = postSolution
		{E3BB1F00-99AB-4E71-AE0E-FD6EDA92C81A}.Debug|x64.ActiveCfg = Debug|x64
		{E3BB1F00-99AB-4E71-AE0E-FD6EDA92C81A}.Debug|x64.Build.0 = Debug|x64
		{E3BB1F00-99AB-4E71-AE0E-FD6EDA92C81A}.Debug|x86.ActiveCfg = Debug|Win32
		{E3BB1F00-99AB-4E71-AE0E-FD6EDA92C81A}.Debug|x86.Build.0 = Debug|Win32
		{E3BB1F00-99AB-4E71-AE0E-FD6EDA92C81A}.Release|x64.ActiveCfg = Release|x64
		{E3BB1F00-99AB-4E71-AE0E-FD6EDA92C81A}.Release|x64.Build.0 = Release|x64
		{E3BB1F00-99AB-4E71-AE0E-FD6EDA92C81A}.Release|x86.ActiveCfg = Release|Win32
		{E3BB1F00-99AB-4E71-AE0E-FD6EDA92C81A}.Release|x86.Build.0 = Release|Win32
		{32172A62-6CEB-9D77-F86A-16717968A96C}.Debug|x64.ActiveCfg = Debug|x64
		{32172A62-6CEB-9D77-F86A-16717968A96C}.Debug|x64.Build.0 = Debug|x64
		{32172A62-6CEB-9D77-F86A-16717968A96C}.Debug|x86.ActiveCfg = Debug|Win32
		{32172A62-6CEB-9D77-F86A-16717968A96C}.Debug|x86.Build.0 = Debug|Win32
		{32172A62-6CEB-9D77-F86A-16717968A96C}.Release|x64.ActiveCfg = Release|x64
		{32172A62-6CEB-9D77-F86A-16717968A96C}.Release|x64.Build.0 = Release|x64
		{32172A62-6CEB-9D77-F86A-16717968A96C}.Release|x86.ActiveCfg = Release|Win32
		{32172A62-6CEB-9D77-F86A-16717968A96C}.Release|x86.Build.0 = Release|Win32
	EndGlobalSection
	GlobalSection(SolutionProperties) = preSolution
		HideSolutionNode = FALSE
	EndGlobalSection
	GlobalSection(ExtensibilityGlobals) = postSolution
		SolutionGuid = {875AA241-469C-4683-AC53-F6CC407F757E}
	EndGlobalSection
EndGlobal
