
Microsoft Visual Studio Solution File, Format Version 12.00
# Visual Studio Version 17
VisualStudioVersion = 17.14.36511.14 d17.14
MinimumVisualStudioVersion = 10.0.40219.1
Project("{8BC9CEB8-8B4A-11D0-8D11-00A0C91BC942}") = "lab_3.10pkr", "lab_3.10pkr.vcxproj", "{E310303C-8D11-4817-924E-EFF54A2FBBC1}"
EndProject
Project("{8BC9CEB8-8B4A-11D0-8D11-00A0C91BC942}") = "UnitTest48", "..\UnitTest48\UnitTest48.vcxproj", "{712CC69F-804B-086C-7AFD-DACD460A7E63}"
EndProject
Global
	GlobalSection(SolutionConfigurationPlatforms) = preSolution
		Debug|x64 = Debug|x64
		Debug|x86 = Debug|x86
		Release|x64 = Release|x64
		Release|x86 = Release|x86
	EndGlobalSection
	GlobalSection(ProjectConfigurationPlatforms) = postSolution
		{E310303C-8D11-4817-924E-EFF54A2FBBC1}.Debug|x64.ActiveCfg = Debug|x64
		{E310303C-8D11-4817-924E-EFF54A2FBBC1}.Debug|x64.Build.0 = Debug|x64
		{E310303C-8D11-4817-924E-EFF54A2FBBC1}.Debug|x86.ActiveCfg = Debug|Win32
		{E310303C-8D11-4817-924E-EFF54A2FBBC1}.Debug|x86.Build.0 = Debug|Win32
		{E310303C-8D11-4817-924E-EFF54A2FBBC1}.Release|x64.ActiveCfg = Release|x64
		{E310303C-8D11-4817-924E-EFF54A2FBBC1}.Release|x64.Build.0 = Release|x64
		{E310303C-8D11-4817-924E-EFF54A2FBBC1}.Release|x86.ActiveCfg = Release|Win32
		{E310303C-8D11-4817-924E-EFF54A2FBBC1}.Release|x86.Build.0 = Release|Win32
		{712CC69F-804B-086C-7AFD-DACD460A7E63}.Debug|x64.ActiveCfg = Debug|x64
		{712CC69F-804B-086C-7AFD-DACD460A7E63}.Debug|x64.Build.0 = Debug|x64
		{712CC69F-804B-086C-7AFD-DACD460A7E63}.Debug|x86.ActiveCfg = Debug|Win32
		{712CC69F-804B-086C-7AFD-DACD460A7E63}.Debug|x86.Build.0 = Debug|Win32
		{712CC69F-804B-086C-7AFD-DACD460A7E63}.Release|x64.ActiveCfg = Release|x64
		{712CC69F-804B-086C-7AFD-DACD460A7E63}.Release|x64.Build.0 = Release|x64
		{712CC69F-804B-086C-7AFD-DACD460A7E63}.Release|x86.ActiveCfg = Release|Win32
		{712CC69F-804B-086C-7AFD-DACD460A7E63}.Release|x86.Build.0 = Release|Win32
	EndGlobalSection
	GlobalSection(SolutionProperties) = preSolution
		HideSolutionNode = FALSE
	EndGlobalSection
	GlobalSection(ExtensibilityGlobals) = postSolution
		SolutionGuid = {1703F8E1-BB95-4778-BBE6-94CB4FFC2BC9}
	EndGlobalSection
EndGlobal
