
Microsoft Visual Studio Solution File, Format Version 12.00
# Visual Studio Version 17
VisualStudioVersion = 17.14.36511.14 d17.14
MinimumVisualStudioVersion = 10.0.40219.1
Project("{8BC9CEB8-8B4A-11D0-8D11-00A0C91BC942}") = "lab_3.13.1", "lab_3.13.1.vcxproj", "{A5C5965E-AE3A-4542-8412-FA7E34991CD9}"
EndProject
Project("{8BC9CEB8-8B4A-11D0-8D11-00A0C91BC942}") = "UnitTest58", "..\UnitTest58\UnitTest58.vcxproj", "{7EA28460-9079-F1C4-66F4-F9A6EC99DB2F}"
EndProject
Global
	GlobalSection(SolutionConfigurationPlatforms) = preSolution
		Debug|x64 = Debug|x64
		Debug|x86 = Debug|x86
		Release|x64 = Release|x64
		Release|x86 = Release|x86
	EndGlobalSection
	GlobalSection(ProjectConfigurationPlatforms) = postSolution
		{A5C5965E-AE3A-4542-8412-FA7E34991CD9}.Debug|x64.ActiveCfg = Debug|x64
		{A5C5965E-AE3A-4542-8412-FA7E34991CD9}.Debug|x64.Build.0 = Debug|x64
		{A5C5965E-AE3A-4542-8412-FA7E34991CD9}.Debug|x86.ActiveCfg = Debug|Win32
		{A5C5965E-AE3A-4542-8412-FA7E34991CD9}.Debug|x86.Build.0 = Debug|Win32
		{A5C5965E-AE3A-4542-8412-FA7E34991CD9}.Release|x64.ActiveCfg = Release|x64
		{A5C5965E-AE3A-4542-8412-FA7E34991CD9}.Release|x64.Build.0 = Release|x64
		{A5C5965E-AE3A-4542-8412-FA7E34991CD9}.Release|x86.ActiveCfg = Release|Win32
		{A5C5965E-AE3A-4542-8412-FA7E34991CD9}.Release|x86.Build.0 = Release|Win32
		{7EA28460-9079-F1C4-66F4-F9A6EC99DB2F}.Debug|x64.ActiveCfg = Debug|x64
		{7EA28460-9079-F1C4-66F4-F9A6EC99DB2F}.Debug|x64.Build.0 = Debug|x64
		{7EA28460-9079-F1C4-66F4-F9A6EC99DB2F}.Debug|x86.ActiveCfg = Debug|Win32
		{7EA28460-9079-F1C4-66F4-F9A6EC99DB2F}.Debug|x86.Build.0 = Debug|Win32
		{7EA28460-9079-F1C4-66F4-F9A6EC99DB2F}.Release|x64.ActiveCfg = Release|x64
		{7EA28460-9079-F1C4-66F4-F9A6EC99DB2F}.Release|x64.Build.0 = Release|x64
		{7EA28460-9079-F1C4-66F4-F9A6EC99DB2F}.Release|x86.ActiveCfg = Release|Win32
		{7EA28460-9079-F1C4-66F4-F9A6EC99DB2F}.Release|x86.Build.0 = Release|Win32
	EndGlobalSection
	GlobalSection(SolutionProperties) = preSolution
		HideSolutionNode = FALSE
	EndGlobalSection
	GlobalSection(ExtensibilityGlobals) = postSolution
		SolutionGuid = {27956281-0023-4D8E-96CB-03754769FBB1}
	EndGlobalSection
EndGlobal
